
Microsoft Visual Studio Solution File, Format Version 12.00
# Visual Studio Version 17
VisualStudioVersion = 17.10.35013.160
MinimumVisualStudioVersion = 10.0.40219.1
Project("{FAE04EC0-301F-11D3-BF4B-00C04F79EFBC}") = "Entities", "Entities\Entities.csproj", "{4C312B8E-60D6-4004-8B87-651E69CB938B}"
EndProject
Project("{FAE04EC0-301F-11D3-BF4B-00C04F79EFBC}") = "Core", "Core\Core.csproj", "{300880D5-F86B-4B6F-91AD-716B63DC574D}"
EndProject
Project("{FAE04EC0-301F-11D3-BF4B-00C04F79EFBC}") = "Business", "Business\Business.csproj", "{D5195315-763A-43D9-8863-D048F41662C2}"
EndProject
Project("{FAE04EC0-301F-11D3-BF4B-00C04F79EFBC}") = "WebAPI", "WebAPI\WebAPI.csproj", "{CC660840-D18E-4567-985F-38D902FFBF79}"
EndProject
Project("{FAE04EC0-301F-11D3-BF4B-00C04F79EFBC}") = "DataAccess", "DataAccess\DataAccess.csproj", "{AC97CC6E-2FB0-4FCE-856C-952D0D9D21D9}"
EndProject
Project("{E53339B2-1760-4266-BCC7-CA923CBCF16C}") = "docker-compose", "docker-compose.dcproj", "{8498BCBF-9C3A-46B3-B13C-8B5FF120D9BC}"
EndProject
Global
	GlobalSection(SolutionConfigurationPlatforms) = preSolution
		Debug|Any CPU = Debug|Any CPU
		Release|Any CPU = Release|Any CPU
	EndGlobalSection
	GlobalSection(ProjectConfigurationPlatforms) = postSolution
		{4C312B8E-60D6-4004-8B87-651E69CB938B}.Debug|Any CPU.ActiveCfg = Debug|Any CPU
		{4C312B8E-60D6-4004-8B87-651E69CB938B}.Debug|Any CPU.Build.0 = Debug|Any CPU
		{4C312B8E-60D6-4004-8B87-651E69CB938B}.Release|Any CPU.ActiveCfg = Release|Any CPU
		{4C312B8E-60D6-4004-8B87-651E69CB938B}.Release|Any CPU.Build.0 = Release|Any CPU
		{300880D5-F86B-4B6F-91AD-716B63DC574D}.Debug|Any CPU.ActiveCfg = Debug|Any CPU
		{300880D5-F86B-4B6F-91AD-716B63DC574D}.Debug|Any CPU.Build.0 = Debug|Any CPU
		{300880D5-F86B-4B6F-91AD-716B63DC574D}.Release|Any CPU.ActiveCfg = Release|Any CPU
		{300880D5-F86B-4B6F-91AD-716B63DC574D}.Release|Any CPU.Build.0 = Release|Any CPU
		{D5195315-763A-43D9-8863-D048F41662C2}.Debug|Any CPU.ActiveCfg = Debug|Any CPU
		{D5195315-763A-43D9-8863-D048F41662C2}.Debug|Any CPU.Build.0 = Debug|Any CPU
		{D5195315-763A-43D9-8863-D048F41662C2}.Release|Any CPU.ActiveCfg = Release|Any CPU
		{D5195315-763A-43D9-8863-D048F41662C2}.Release|Any CPU.Build.0 = Release|Any CPU
		{CC660840-D18E-4567-985F-38D902FFBF79}.Debug|Any CPU.ActiveCfg = Debug|Any CPU
		{CC660840-D18E-4567-985F-38D902FFBF79}.Debug|Any CPU.Build.0 = Debug|Any CPU
		{CC660840-D18E-4567-985F-38D902FFBF79}.Release|Any CPU.ActiveCfg = Release|Any CPU
		{CC660840-D18E-4567-985F-38D902FFBF79}.Release|Any CPU.Build.0 = Release|Any CPU
		{AC97CC6E-2FB0-4FCE-856C-952D0D9D21D9}.Debug|Any CPU.ActiveCfg = Debug|Any CPU
		{AC97CC6E-2FB0-4FCE-856C-952D0D9D21D9}.Debug|Any CPU.Build.0 = Debug|Any CPU
		{AC97CC6E-2FB0-4FCE-856C-952D0D9D21D9}.Release|Any CPU.ActiveCfg = Release|Any CPU
		{AC97CC6E-2FB0-4FCE-856C-952D0D9D21D9}.Release|Any CPU.Build.0 = Release|Any CPU
		{8498BCBF-9C3A-46B3-B13C-8B5FF120D9BC}.Debug|Any CPU.ActiveCfg = Debug|Any CPU
		{8498BCBF-9C3A-46B3-B13C-8B5FF120D9BC}.Debug|Any CPU.Build.0 = Debug|Any CPU
		{8498BCBF-9C3A-46B3-B13C-8B5FF120D9BC}.Release|Any CPU.ActiveCfg = Release|Any CPU
		{8498BCBF-9C3A-46B3-B13C-8B5FF120D9BC}.Release|Any CPU.Build.0 = Release|Any CPU
	EndGlobalSection
	GlobalSection(SolutionProperties) = preSolution
		HideSolutionNode = FALSE
	EndGlobalSection
	GlobalSection(ExtensibilityGlobals) = postSolution
		SolutionGuid = {DD613233-6EAA-401D-B97B-5E7E2F9C9D45}
	EndGlobalSection
EndGlobal
